// !$*UTF8*$!
{
	archiveVersion = 1;
	classes = {
	};
	objectVersion = 50;
	objects = {

/* Begin PBXBuildFile section */
		1A006B0C20F9A82100E0D87F /* Window.swift in Sources */ = {isa = PBXBuildFile; fileRef = 1A006B0B20F9A82000E0D87F /* Window.swift */; };
		1A02ED7021C9CFB30093114C /* ColorPalette.swift in Sources */ = {isa = PBXBuildFile; fileRef = 1A02ED6F21C9CFB30093114C /* ColorPalette.swift */; };
		1A02ED7721C9F6D40093114C /* WindowTests.swift in Sources */ = {isa = PBXBuildFile; fileRef = 1A02ED7621C9F6D30093114C /* WindowTests.swift */; };
		1A1BA46C21E551E700203A53 /* error.html in Resources */ = {isa = PBXBuildFile; fileRef = 1A1BA46B21E551E700203A53 /* error.html */; };
		1A1BA49D21E5B78700203A53 /* ErrorHandler.swift in Sources */ = {isa = PBXBuildFile; fileRef = 1A1BA49C21E5B78700203A53 /* ErrorHandler.swift */; };
		1A1BA49F21E5B7BA00203A53 /* WKWebView+ErrorHTML.swift in Sources */ = {isa = PBXBuildFile; fileRef = 1A1BA49E21E5B7BA00203A53 /* WKWebView+ErrorHTML.swift */; };
		1A2088FB21E08DE00034ED83 /* AddressBarInputHandler.swift in Sources */ = {isa = PBXBuildFile; fileRef = 1A2088FA21E08DE00034ED83 /* AddressBarInputHandler.swift */; };
		1A2088FD21E0913B0034ED83 /* AddressBarInputHandlerTests.swift in Sources */ = {isa = PBXBuildFile; fileRef = 1A2088FC21E0913B0034ED83 /* AddressBarInputHandlerTests.swift */; };
		1A2088FF21E16B6E0034ED83 /* String+Conveniences.swift in Sources */ = {isa = PBXBuildFile; fileRef = 1A2088FE21E16B6E0034ED83 /* String+Conveniences.swift */; };
		1A20890121E16D950034ED83 /* BrowserAction.swift in Sources */ = {isa = PBXBuildFile; fileRef = 1A20890021E16D950034ED83 /* BrowserAction.swift */; };
		1A31400821E32462008026BC /* DomainParser.swift in Sources */ = {isa = PBXBuildFile; fileRef = 1A31400021E32462008026BC /* DomainParser.swift */; };
		1A31400921E32462008026BC /* Constant.swift in Sources */ = {isa = PBXBuildFile; fileRef = 1A31400121E32462008026BC /* Constant.swift */; };
		1A31400A21E32462008026BC /* ParsedHost.swift in Sources */ = {isa = PBXBuildFile; fileRef = 1A31400221E32462008026BC /* ParsedHost.swift */; };
		1A31400B21E32462008026BC /* Info.plist in Resources */ = {isa = PBXBuildFile; fileRef = 1A31400321E32462008026BC /* Info.plist */; };
		1A31400C21E32462008026BC /* RuleLabel.swift in Sources */ = {isa = PBXBuildFile; fileRef = 1A31400621E32462008026BC /* RuleLabel.swift */; };
		1A31400D21E32462008026BC /* Rule.swift in Sources */ = {isa = PBXBuildFile; fileRef = 1A31400721E32462008026BC /* Rule.swift */; };
		1A31400F21E32989008026BC /* public_suffix_list.dat in Resources */ = {isa = PBXBuildFile; fileRef = 1A31400E21E32989008026BC /* public_suffix_list.dat */; };
		1A49F6AA20C545BD00D5A98B /* JavascriptPanelWindowController.swift in Sources */ = {isa = PBXBuildFile; fileRef = 1A49F6A920C545BD00D5A98B /* JavascriptPanelWindowController.swift */; };
		1A49F6AC20C54E7F00D5A98B /* JavascriptAlertWindowController.xib in Resources */ = {isa = PBXBuildFile; fileRef = 1A49F6AB20C54E7F00D5A98B /* JavascriptAlertWindowController.xib */; };
		1A4BE7E320C3980D000B3769 /* JavascriptConfirmWindowController.xib in Resources */ = {isa = PBXBuildFile; fileRef = 1A4BE7E120C3980D000B3769 /* JavascriptConfirmWindowController.xib */; };
		1A66C60E21DA321200675AFE /* NSWindow+Conveniences.swift in Sources */ = {isa = PBXBuildFile; fileRef = 1A66C60D21DA321200675AFE /* NSWindow+Conveniences.swift */; };
		1A6B726C20CD5EA000AE2008 /* WebWindowController.swift in Sources */ = {isa = PBXBuildFile; fileRef = 1A6B726B20CD5EA000AE2008 /* WebWindowController.swift */; };
		1A6B726E20CDFE3F00AE2008 /* Services.swift in Sources */ = {isa = PBXBuildFile; fileRef = 1A6B726D20CDFE3F00AE2008 /* Services.swift */; };
		1A6B727420CE000700AE2008 /* Settings.swift in Sources */ = {isa = PBXBuildFile; fileRef = 1A6B727320CE000700AE2008 /* Settings.swift */; };
		1A8BECB821CA26F3001FE824 /* JavascriptAlertWindowControllerTests.swift in Sources */ = {isa = PBXBuildFile; fileRef = 1A8BECB721CA26F3001FE824 /* JavascriptAlertWindowControllerTests.swift */; };
		1A8BECBA21CA3ED9001FE824 /* JavascriptConfirmWindowControllerTests.swift in Sources */ = {isa = PBXBuildFile; fileRef = 1A8BECB921CA3ED9001FE824 /* JavascriptConfirmWindowControllerTests.swift */; };
		1A8BECC021CAF839001FE824 /* URLTextFieldTests.swift in Sources */ = {isa = PBXBuildFile; fileRef = 1A8BECBF21CAF839001FE824 /* URLTextFieldTests.swift */; };
		1A8BECC421CC58BB001FE824 /* URLTests.swift in Sources */ = {isa = PBXBuildFile; fileRef = 1A8BECC321CC58BB001FE824 /* URLTests.swift */; };
		1A8BECC621CCC7C1001FE824 /* YoutubePluginTests.swift in Sources */ = {isa = PBXBuildFile; fileRef = 1A8BECC521CCC7C1001FE824 /* YoutubePluginTests.swift */; };
		1A8BECC821CCC7DC001FE824 /* YoutubePlugin.swift in Sources */ = {isa = PBXBuildFile; fileRef = 1A8BECC721CCC7DC001FE824 /* YoutubePlugin.swift */; };
		1A8BECCB21CCC820001FE824 /* Plugin.swift in Sources */ = {isa = PBXBuildFile; fileRef = 1A8BECCA21CCC820001FE824 /* Plugin.swift */; };
		1A8BECD221CD20BB001FE824 /* VimeoPlugin.swift in Sources */ = {isa = PBXBuildFile; fileRef = 1A8BECD121CD20BB001FE824 /* VimeoPlugin.swift */; };
		1A8BECD421CD2364001FE824 /* VimeoPluginTests.swift in Sources */ = {isa = PBXBuildFile; fileRef = 1A8BECD321CD2364001FE824 /* VimeoPluginTests.swift */; };
		1A8BECD621CD8EDA001FE824 /* TwitchPlugin.swift in Sources */ = {isa = PBXBuildFile; fileRef = 1A8BECD521CD8EDA001FE824 /* TwitchPlugin.swift */; };
		1A8BECD821CD93B5001FE824 /* TwitchPluginTests.swift in Sources */ = {isa = PBXBuildFile; fileRef = 1A8BECD721CD93B5001FE824 /* TwitchPluginTests.swift */; };
		1A8BECDC21CE7338001FE824 /* SearchProviderTests.swift in Sources */ = {isa = PBXBuildFile; fileRef = 1A8BECDB21CE7338001FE824 /* SearchProviderTests.swift */; };
		1A8BECDE21CEEEFD001FE824 /* WebViewControllerTests.swift in Sources */ = {isa = PBXBuildFile; fileRef = 1A8BECDD21CEEEFD001FE824 /* WebViewControllerTests.swift */; };
		1A8F059821E622AD003E78DD /* ErrorHandlerTests.swift in Sources */ = {isa = PBXBuildFile; fileRef = 1A8F059621E62224003E78DD /* ErrorHandlerTests.swift */; };
		1A8F059A21E624BF003E78DD /* StringTests.swift in Sources */ = {isa = PBXBuildFile; fileRef = 1A8F059921E624BF003E78DD /* StringTests.swift */; };
		1A8F05EA21E6C86C003E78DD /* Lock.swift in Sources */ = {isa = PBXBuildFile; fileRef = 1A8F05E721E6C86C003E78DD /* Lock.swift */; };
		1A8F05EB21E6C86C003E78DD /* Observable.swift in Sources */ = {isa = PBXBuildFile; fileRef = 1A8F05E821E6C86C003E78DD /* Observable.swift */; };
		1A8F05EC21E6C86C003E78DD /* Disposable.swift in Sources */ = {isa = PBXBuildFile; fileRef = 1A8F05E921E6C86C003E78DD /* Disposable.swift */; };
		1A9DAC0320B1975000DCE63F /* URL+Massage.swift in Sources */ = {isa = PBXBuildFile; fileRef = 1A9DAC0220B1975000DCE63F /* URL+Massage.swift */; };
		1A9DAC3920B4CD5F00DCE63F /* URLTextField.swift in Sources */ = {isa = PBXBuildFile; fileRef = 1A9DAC3820B4CD5F00DCE63F /* URLTextField.swift */; };
		1AA4DA5621D84576001E27A4 /* AppDelegateTests.swift in Sources */ = {isa = PBXBuildFile; fileRef = 1AA4DA5521D84576001E27A4 /* AppDelegateTests.swift */; };
		1AA751E120CB806300490962 /* SettingsWindowController.swift in Sources */ = {isa = PBXBuildFile; fileRef = 1AA751E020CB806300490962 /* SettingsWindowController.swift */; };
		1AB967F021E7483400658083 /* Log.swift in Sources */ = {isa = PBXBuildFile; fileRef = 1AB967EF21E7483400658083 /* Log.swift */; };
		1ABB83CC20B141280004C50E /* AppDelegate.swift in Sources */ = {isa = PBXBuildFile; fileRef = 1ABB83CB20B141280004C50E /* AppDelegate.swift */; };
		1ABB83CE20B141280004C50E /* WebViewController.swift in Sources */ = {isa = PBXBuildFile; fileRef = 1ABB83CD20B141280004C50E /* WebViewController.swift */; };
		1ABB83D020B1412A0004C50E /* Assets.xcassets in Resources */ = {isa = PBXBuildFile; fileRef = 1ABB83CF20B1412A0004C50E /* Assets.xcassets */; };
		1ABB83D320B1412A0004C50E /* Main.storyboard in Resources */ = {isa = PBXBuildFile; fileRef = 1ABB83D120B1412A0004C50E /* Main.storyboard */; };
		1ABB83EA20B153F70004C50E /* Toolbar.swift in Sources */ = {isa = PBXBuildFile; fileRef = 1ABB83E920B153F70004C50E /* Toolbar.swift */; };
		1AC9589721C604DD00B85B15 /* SettingsTests.swift in Sources */ = {isa = PBXBuildFile; fileRef = 1AC9589621C604DD00B85B15 /* SettingsTests.swift */; };
		1AC958A821C7697F00B85B15 /* SearchProvider.swift in Sources */ = {isa = PBXBuildFile; fileRef = 1AC958A721C7697F00B85B15 /* SearchProvider.swift */; };
/* End PBXBuildFile section */

/* Begin PBXContainerItemProxy section */
		1ABB83DB20B1412A0004C50E /* PBXContainerItemProxy */ = {
			isa = PBXContainerItemProxy;
			containerPortal = 1ABB83C020B141280004C50E /* Project object */;
			proxyType = 1;
			remoteGlobalIDString = 1ABB83C720B141280004C50E;
			remoteInfo = Floaty;
		};
/* End PBXContainerItemProxy section */

/* Begin PBXCopyFilesBuildPhase section */
		1A8F05E421E6C7D4003E78DD /* CopyFiles */ = {
			isa = PBXCopyFilesBuildPhase;
			buildActionMask = 2147483647;
			dstPath = "";
			dstSubfolderSpec = 10;
			files = (
			);
			runOnlyForDeploymentPostprocessing = 0;
		};
/* End PBXCopyFilesBuildPhase section */

/* Begin PBXFileReference section */
		1A006B0B20F9A82000E0D87F /* Window.swift */ = {isa = PBXFileReference; lastKnownFileType = sourcecode.swift; path = Window.swift; sourceTree = "<group>"; };
		1A02ED6F21C9CFB30093114C /* ColorPalette.swift */ = {isa = PBXFileReference; lastKnownFileType = sourcecode.swift; path = ColorPalette.swift; sourceTree = "<group>"; };
		1A02ED7621C9F6D30093114C /* WindowTests.swift */ = {isa = PBXFileReference; lastKnownFileType = sourcecode.swift; path = WindowTests.swift; sourceTree = "<group>"; };
		1A1BA46B21E551E700203A53 /* error.html */ = {isa = PBXFileReference; lastKnownFileType = text.html; path = error.html; sourceTree = "<group>"; };
		1A1BA49C21E5B78700203A53 /* ErrorHandler.swift */ = {isa = PBXFileReference; lastKnownFileType = sourcecode.swift; path = ErrorHandler.swift; sourceTree = "<group>"; };
		1A1BA49E21E5B7BA00203A53 /* WKWebView+ErrorHTML.swift */ = {isa = PBXFileReference; lastKnownFileType = sourcecode.swift; path = "WKWebView+ErrorHTML.swift"; sourceTree = "<group>"; };
		1A2088FA21E08DE00034ED83 /* AddressBarInputHandler.swift */ = {isa = PBXFileReference; lastKnownFileType = sourcecode.swift; path = AddressBarInputHandler.swift; sourceTree = "<group>"; };
		1A2088FC21E0913B0034ED83 /* AddressBarInputHandlerTests.swift */ = {isa = PBXFileReference; lastKnownFileType = sourcecode.swift; path = AddressBarInputHandlerTests.swift; sourceTree = "<group>"; };
		1A2088FE21E16B6E0034ED83 /* String+Conveniences.swift */ = {isa = PBXFileReference; lastKnownFileType = sourcecode.swift; path = "String+Conveniences.swift"; sourceTree = "<group>"; };
		1A20890021E16D950034ED83 /* BrowserAction.swift */ = {isa = PBXFileReference; lastKnownFileType = sourcecode.swift; path = BrowserAction.swift; sourceTree = "<group>"; };
		1A31400021E32462008026BC /* DomainParser.swift */ = {isa = PBXFileReference; fileEncoding = 4; lastKnownFileType = sourcecode.swift; name = DomainParser.swift; path = "vendor/SwiftDomainParser-8979d6c  /DomainParser/DomainParser/DomainParser.swift"; sourceTree = SOURCE_ROOT; };
		1A31400121E32462008026BC /* Constant.swift */ = {isa = PBXFileReference; fileEncoding = 4; lastKnownFileType = sourcecode.swift; name = Constant.swift; path = "vendor/SwiftDomainParser-8979d6c  /DomainParser/DomainParser/Constant.swift"; sourceTree = SOURCE_ROOT; };
		1A31400221E32462008026BC /* ParsedHost.swift */ = {isa = PBXFileReference; fileEncoding = 4; lastKnownFileType = sourcecode.swift; name = ParsedHost.swift; path = "vendor/SwiftDomainParser-8979d6c  /DomainParser/DomainParser/ParsedHost.swift"; sourceTree = SOURCE_ROOT; };
		1A31400321E32462008026BC /* Info.plist */ = {isa = PBXFileReference; fileEncoding = 4; lastKnownFileType = text.plist.xml; name = Info.plist; path = "vendor/SwiftDomainParser-8979d6c  /DomainParser/DomainParser/Info.plist"; sourceTree = SOURCE_ROOT; };
		1A31400421E32462008026BC /* DomainParser.h */ = {isa = PBXFileReference; fileEncoding = 4; lastKnownFileType = sourcecode.c.h; name = DomainParser.h; path = "vendor/SwiftDomainParser-8979d6c  /DomainParser/DomainParser/DomainParser.h"; sourceTree = SOURCE_ROOT; };
		1A31400621E32462008026BC /* RuleLabel.swift */ = {isa = PBXFileReference; fileEncoding = 4; lastKnownFileType = sourcecode.swift; path = RuleLabel.swift; sourceTree = "<group>"; };
		1A31400721E32462008026BC /* Rule.swift */ = {isa = PBXFileReference; fileEncoding = 4; lastKnownFileType = sourcecode.swift; path = Rule.swift; sourceTree = "<group>"; };
		1A31400E21E32989008026BC /* public_suffix_list.dat */ = {isa = PBXFileReference; fileEncoding = 4; lastKnownFileType = text; name = public_suffix_list.dat; path = "vendor/SwiftDomainParser-8979d6c  /Resources/public_suffix_list.dat"; sourceTree = SOURCE_ROOT; };
		1A49F6A920C545BD00D5A98B /* JavascriptPanelWindowController.swift */ = {isa = PBXFileReference; fileEncoding = 4; lastKnownFileType = sourcecode.swift; path = JavascriptPanelWindowController.swift; sourceTree = "<group>"; };
		1A49F6AB20C54E7F00D5A98B /* JavascriptAlertWindowController.xib */ = {isa = PBXFileReference; fileEncoding = 4; lastKnownFileType = file.xib; path = JavascriptAlertWindowController.xib; sourceTree = "<group>"; };
		1A4BE7E120C3980D000B3769 /* JavascriptConfirmWindowController.xib */ = {isa = PBXFileReference; lastKnownFileType = file.xib; path = JavascriptConfirmWindowController.xib; sourceTree = "<group>"; };
		1A66C60D21DA321200675AFE /* NSWindow+Conveniences.swift */ = {isa = PBXFileReference; lastKnownFileType = sourcecode.swift; path = "NSWindow+Conveniences.swift"; sourceTree = "<group>"; };
		1A6B726B20CD5EA000AE2008 /* WebWindowController.swift */ = {isa = PBXFileReference; lastKnownFileType = sourcecode.swift; path = WebWindowController.swift; sourceTree = "<group>"; };
		1A6B726D20CDFE3F00AE2008 /* Services.swift */ = {isa = PBXFileReference; lastKnownFileType = sourcecode.swift; path = Services.swift; sourceTree = "<group>"; };
		1A6B727320CE000700AE2008 /* Settings.swift */ = {isa = PBXFileReference; lastKnownFileType = sourcecode.swift; path = Settings.swift; sourceTree = "<group>"; };
		1A8BECB721CA26F3001FE824 /* JavascriptAlertWindowControllerTests.swift */ = {isa = PBXFileReference; lastKnownFileType = sourcecode.swift; path = JavascriptAlertWindowControllerTests.swift; sourceTree = "<group>"; };
		1A8BECB921CA3ED9001FE824 /* JavascriptConfirmWindowControllerTests.swift */ = {isa = PBXFileReference; lastKnownFileType = sourcecode.swift; path = JavascriptConfirmWindowControllerTests.swift; sourceTree = "<group>"; };
		1A8BECBF21CAF839001FE824 /* URLTextFieldTests.swift */ = {isa = PBXFileReference; lastKnownFileType = sourcecode.swift; path = URLTextFieldTests.swift; sourceTree = "<group>"; };
		1A8BECC321CC58BB001FE824 /* URLTests.swift */ = {isa = PBXFileReference; lastKnownFileType = sourcecode.swift; path = URLTests.swift; sourceTree = "<group>"; };
		1A8BECC521CCC7C1001FE824 /* YoutubePluginTests.swift */ = {isa = PBXFileReference; lastKnownFileType = sourcecode.swift; path = YoutubePluginTests.swift; sourceTree = "<group>"; };
		1A8BECC721CCC7DC001FE824 /* YoutubePlugin.swift */ = {isa = PBXFileReference; lastKnownFileType = sourcecode.swift; path = YoutubePlugin.swift; sourceTree = "<group>"; };
		1A8BECCA21CCC820001FE824 /* Plugin.swift */ = {isa = PBXFileReference; lastKnownFileType = sourcecode.swift; path = Plugin.swift; sourceTree = "<group>"; };
		1A8BECD121CD20BB001FE824 /* VimeoPlugin.swift */ = {isa = PBXFileReference; lastKnownFileType = sourcecode.swift; path = VimeoPlugin.swift; sourceTree = "<group>"; };
		1A8BECD321CD2364001FE824 /* VimeoPluginTests.swift */ = {isa = PBXFileReference; lastKnownFileType = sourcecode.swift; path = VimeoPluginTests.swift; sourceTree = "<group>"; };
		1A8BECD521CD8EDA001FE824 /* TwitchPlugin.swift */ = {isa = PBXFileReference; lastKnownFileType = sourcecode.swift; path = TwitchPlugin.swift; sourceTree = "<group>"; };
		1A8BECD721CD93B5001FE824 /* TwitchPluginTests.swift */ = {isa = PBXFileReference; lastKnownFileType = sourcecode.swift; path = TwitchPluginTests.swift; sourceTree = "<group>"; };
		1A8BECDB21CE7338001FE824 /* SearchProviderTests.swift */ = {isa = PBXFileReference; lastKnownFileType = sourcecode.swift; path = SearchProviderTests.swift; sourceTree = "<group>"; };
		1A8BECDD21CEEEFD001FE824 /* WebViewControllerTests.swift */ = {isa = PBXFileReference; lastKnownFileType = sourcecode.swift; path = WebViewControllerTests.swift; sourceTree = "<group>"; };
		1A8F059621E62224003E78DD /* ErrorHandlerTests.swift */ = {isa = PBXFileReference; lastKnownFileType = sourcecode.swift; name = ErrorHandlerTests.swift; path = FloatyTests/ErrorHandlerTests.swift; sourceTree = SOURCE_ROOT; };
		1A8F059921E624BF003E78DD /* StringTests.swift */ = {isa = PBXFileReference; lastKnownFileType = sourcecode.swift; name = StringTests.swift; path = FloatyTests/StringTests.swift; sourceTree = SOURCE_ROOT; };
		1A8F05E721E6C86C003E78DD /* Lock.swift */ = {isa = PBXFileReference; fileEncoding = 4; lastKnownFileType = sourcecode.swift; name = Lock.swift; path = "vendor/Observable-5137813/Classes/Lock.swift"; sourceTree = SOURCE_ROOT; };
		1A8F05E821E6C86C003E78DD /* Observable.swift */ = {isa = PBXFileReference; fileEncoding = 4; lastKnownFileType = sourcecode.swift; name = Observable.swift; path = "vendor/Observable-5137813/Classes/Observable.swift"; sourceTree = SOURCE_ROOT; };
		1A8F05E921E6C86C003E78DD /* Disposable.swift */ = {isa = PBXFileReference; fileEncoding = 4; lastKnownFileType = sourcecode.swift; name = Disposable.swift; path = "vendor/Observable-5137813/Classes/Disposable.swift"; sourceTree = SOURCE_ROOT; };
		1A9DAC0220B1975000DCE63F /* URL+Massage.swift */ = {isa = PBXFileReference; lastKnownFileType = sourcecode.swift; path = "URL+Massage.swift"; sourceTree = "<group>"; };
		1A9DAC3820B4CD5F00DCE63F /* URLTextField.swift */ = {isa = PBXFileReference; lastKnownFileType = sourcecode.swift; path = URLTextField.swift; sourceTree = "<group>"; };
		1AA4DA5521D84576001E27A4 /* AppDelegateTests.swift */ = {isa = PBXFileReference; lastKnownFileType = sourcecode.swift; path = AppDelegateTests.swift; sourceTree = "<group>"; };
		1AA751E020CB806300490962 /* SettingsWindowController.swift */ = {isa = PBXFileReference; lastKnownFileType = sourcecode.swift; path = SettingsWindowController.swift; sourceTree = "<group>"; };
		1AB967EF21E7483400658083 /* Log.swift */ = {isa = PBXFileReference; lastKnownFileType = sourcecode.swift; path = Log.swift; sourceTree = "<group>"; };
		1ABB83C820B141280004C50E /* Floaty.app */ = {isa = PBXFileReference; explicitFileType = wrapper.application; includeInIndex = 0; path = Floaty.app; sourceTree = BUILT_PRODUCTS_DIR; };
		1ABB83CB20B141280004C50E /* AppDelegate.swift */ = {isa = PBXFileReference; lastKnownFileType = sourcecode.swift; path = AppDelegate.swift; sourceTree = "<group>"; };
		1ABB83CD20B141280004C50E /* WebViewController.swift */ = {isa = PBXFileReference; lastKnownFileType = sourcecode.swift; path = WebViewController.swift; sourceTree = "<group>"; };
		1ABB83CF20B1412A0004C50E /* Assets.xcassets */ = {isa = PBXFileReference; lastKnownFileType = folder.assetcatalog; path = Assets.xcassets; sourceTree = "<group>"; };
		1ABB83D220B1412A0004C50E /* Base */ = {isa = PBXFileReference; lastKnownFileType = file.storyboard; name = Base; path = Base.lproj/Main.storyboard; sourceTree = "<group>"; };
		1ABB83DA20B1412A0004C50E /* FloatyTests.xctest */ = {isa = PBXFileReference; explicitFileType = wrapper.cfbundle; includeInIndex = 0; path = FloatyTests.xctest; sourceTree = BUILT_PRODUCTS_DIR; };
		1ABB83E020B1412A0004C50E /* Info.plist */ = {isa = PBXFileReference; lastKnownFileType = text.plist.xml; path = Info.plist; sourceTree = "<group>"; };
		1ABB83E920B153F70004C50E /* Toolbar.swift */ = {isa = PBXFileReference; lastKnownFileType = sourcecode.swift; path = Toolbar.swift; sourceTree = "<group>"; };
		1AC9589621C604DD00B85B15 /* SettingsTests.swift */ = {isa = PBXFileReference; lastKnownFileType = sourcecode.swift; path = SettingsTests.swift; sourceTree = "<group>"; };
		1AC958A721C7697F00B85B15 /* SearchProvider.swift */ = {isa = PBXFileReference; lastKnownFileType = sourcecode.swift; path = SearchProvider.swift; sourceTree = "<group>"; };
/* End PBXFileReference section */

/* Begin PBXFrameworksBuildPhase section */
		1ABB83C520B141280004C50E /* Frameworks */ = {
			isa = PBXFrameworksBuildPhase;
			buildActionMask = 2147483647;
			files = (
			);
			runOnlyForDeploymentPostprocessing = 0;
		};
		1ABB83D720B1412A0004C50E /* Frameworks */ = {
			isa = PBXFrameworksBuildPhase;
			buildActionMask = 2147483647;
			files = (
			);
			runOnlyForDeploymentPostprocessing = 0;
		};
/* End PBXFrameworksBuildPhase section */

/* Begin PBXGroup section */
		1A1BA46A21E551C200203A53 /* html */ = {
			isa = PBXGroup;
			children = (
				1A1BA46B21E551E700203A53 /* error.html */,
			);
			path = html;
			sourceTree = "<group>";
		};
		1A313FBF21E32198008026BC /* vendor */ = {
			isa = PBXGroup;
			children = (
				1A8F05E621E6C859003E78DD /* Observable */,
				1A313FFF21E32410008026BC /* DomainParser */,
			);
			name = vendor;
			path = "New Group";
			sourceTree = "<group>";
		};
		1A313FFF21E32410008026BC /* DomainParser */ = {
			isa = PBXGroup;
			children = (
				1A31400121E32462008026BC /* Constant.swift */,
				1A31400421E32462008026BC /* DomainParser.h */,
				1A31400021E32462008026BC /* DomainParser.swift */,
				1A31400321E32462008026BC /* Info.plist */,
				1A31400521E32462008026BC /* Model */,
				1A31400221E32462008026BC /* ParsedHost.swift */,
				1A31400E21E32989008026BC /* public_suffix_list.dat */,
			);
			path = DomainParser;
			sourceTree = "<group>";
		};
		1A31400521E32462008026BC /* Model */ = {
			isa = PBXGroup;
			children = (
				1A31400621E32462008026BC /* RuleLabel.swift */,
				1A31400721E32462008026BC /* Rule.swift */,
			);
			name = Model;
			path = "vendor/SwiftDomainParser-8979d6c  /DomainParser/DomainParser/Model";
			sourceTree = SOURCE_ROOT;
		};
		1A8BECC921CCC806001FE824 /* Plugins */ = {
			isa = PBXGroup;
			children = (
				1A8BECCA21CCC820001FE824 /* Plugin.swift */,
				1A8BECD521CD8EDA001FE824 /* TwitchPlugin.swift */,
				1A8BECD121CD20BB001FE824 /* VimeoPlugin.swift */,
				1A8BECC721CCC7DC001FE824 /* YoutubePlugin.swift */,
			);
			path = Plugins;
			sourceTree = "<group>";
		};
		1A8F05E621E6C859003E78DD /* Observable */ = {
			isa = PBXGroup;
			children = (
				1A8F05E921E6C86C003E78DD /* Disposable.swift */,
				1A8F05E721E6C86C003E78DD /* Lock.swift */,
				1A8F05E821E6C86C003E78DD /* Observable.swift */,
			);
			path = Observable;
			sourceTree = "<group>";
		};
		1ABB83BF20B141280004C50E = {
			isa = PBXGroup;
			children = (
				1ABB83CA20B141280004C50E /* floaty */,
				1ABB83DD20B1412A0004C50E /* floatyTests */,
				1ABB83C920B141280004C50E /* Products */,
				1A313FBF21E32198008026BC /* vendor */,
			);
			sourceTree = "<group>";
		};
		1ABB83C920B141280004C50E /* Products */ = {
			isa = PBXGroup;
			children = (
				1ABB83C820B141280004C50E /* Floaty.app */,
				1ABB83DA20B1412A0004C50E /* FloatyTests.xctest */,
			);
			name = Products;
			sourceTree = "<group>";
		};
		1ABB83CA20B141280004C50E /* floaty */ = {
			isa = PBXGroup;
			children = (
				1A2088FA21E08DE00034ED83 /* AddressBarInputHandler.swift */,
				1ABB83CB20B141280004C50E /* AppDelegate.swift */,
				1ABB83CF20B1412A0004C50E /* Assets.xcassets */,
				1A20890021E16D950034ED83 /* BrowserAction.swift */,
				1A02ED6F21C9CFB30093114C /* ColorPalette.swift */,
				1A1BA49C21E5B78700203A53 /* ErrorHandler.swift */,
				1A1BA46A21E551C200203A53 /* html */,
				1A49F6AB20C54E7F00D5A98B /* JavascriptAlertWindowController.xib */,
				1A4BE7E120C3980D000B3769 /* JavascriptConfirmWindowController.xib */,
				1A49F6A920C545BD00D5A98B /* JavascriptPanelWindowController.swift */,
				1AB967EF21E7483400658083 /* Log.swift */,
				1ABB83D120B1412A0004C50E /* Main.storyboard */,
				1A66C60D21DA321200675AFE /* NSWindow+Conveniences.swift */,
				1A8BECC921CCC806001FE824 /* Plugins */,
				1AC958A721C7697F00B85B15 /* SearchProvider.swift */,
				1A6B726D20CDFE3F00AE2008 /* Services.swift */,
				1A6B727320CE000700AE2008 /* Settings.swift */,
				1AA751E020CB806300490962 /* SettingsWindowController.swift */,
				1A2088FE21E16B6E0034ED83 /* String+Conveniences.swift */,
				1ABB83E920B153F70004C50E /* Toolbar.swift */,
				1A9DAC0220B1975000DCE63F /* URL+Massage.swift */,
				1A9DAC3820B4CD5F00DCE63F /* URLTextField.swift */,
				1ABB83CD20B141280004C50E /* WebViewController.swift */,
				1A6B726B20CD5EA000AE2008 /* WebWindowController.swift */,
				1A006B0B20F9A82000E0D87F /* Window.swift */,
				1A1BA49E21E5B7BA00203A53 /* WKWebView+ErrorHTML.swift */,
			);
			path = floaty;
			sourceTree = "<group>";
		};
		1ABB83DD20B1412A0004C50E /* floatyTests */ = {
			isa = PBXGroup;
			children = (
				1A2088FC21E0913B0034ED83 /* AddressBarInputHandlerTests.swift */,
				1AA4DA5521D84576001E27A4 /* AppDelegateTests.swift */,
				1A8F059621E62224003E78DD /* ErrorHandlerTests.swift */,
				1ABB83E020B1412A0004C50E /* Info.plist */,
				1A8BECB721CA26F3001FE824 /* JavascriptAlertWindowControllerTests.swift */,
				1A8BECB921CA3ED9001FE824 /* JavascriptConfirmWindowControllerTests.swift */,
				1A8BECDB21CE7338001FE824 /* SearchProviderTests.swift */,
				1AC9589621C604DD00B85B15 /* SettingsTests.swift */,
				1A8F059921E624BF003E78DD /* StringTests.swift */,
				1A8BECD721CD93B5001FE824 /* TwitchPluginTests.swift */,
				1A8BECC321CC58BB001FE824 /* URLTests.swift */,
				1A8BECBF21CAF839001FE824 /* URLTextFieldTests.swift */,
				1A8BECD321CD2364001FE824 /* VimeoPluginTests.swift */,
				1A8BECDD21CEEEFD001FE824 /* WebViewControllerTests.swift */,
				1A02ED7621C9F6D30093114C /* WindowTests.swift */,
				1A8BECC521CCC7C1001FE824 /* YoutubePluginTests.swift */,
			);
			path = floatyTests;
			sourceTree = "<group>";
		};
/* End PBXGroup section */

/* Begin PBXNativeTarget section */
		1ABB83C720B141280004C50E /* Floaty */ = {
			isa = PBXNativeTarget;
			buildConfigurationList = 1ABB83E320B1412A0004C50E /* Build configuration list for PBXNativeTarget "Floaty" */;
			buildPhases = (
				1ABB83C420B141280004C50E /* Sources */,
				1ABB83C520B141280004C50E /* Frameworks */,
				1ABB83C620B141280004C50E /* Resources */,
				1A9DAC2720B2DDA800DCE63F /* Swiftlint */,
				1A8F05E421E6C7D4003E78DD /* CopyFiles */,
			);
			buildRules = (
			);
			dependencies = (
			);
			name = Floaty;
			productName = Floaty;
			productReference = 1ABB83C820B141280004C50E /* Floaty.app */;
			productType = "com.apple.product-type.application";
		};
		1ABB83D920B1412A0004C50E /* FloatyTests */ = {
			isa = PBXNativeTarget;
			buildConfigurationList = 1ABB83E620B1412A0004C50E /* Build configuration list for PBXNativeTarget "FloatyTests" */;
			buildPhases = (
				1ABB83D620B1412A0004C50E /* Sources */,
				1ABB83D720B1412A0004C50E /* Frameworks */,
				1ABB83D820B1412A0004C50E /* Resources */,
			);
			buildRules = (
			);
			dependencies = (
				1ABB83DC20B1412A0004C50E /* PBXTargetDependency */,
			);
			name = FloatyTests;
			productName = FloatyTests;
			productReference = 1ABB83DA20B1412A0004C50E /* FloatyTests.xctest */;
			productType = "com.apple.product-type.bundle.unit-test";
		};
/* End PBXNativeTarget section */

/* Begin PBXProject section */
		1ABB83C020B141280004C50E /* Project object */ = {
			isa = PBXProject;
			attributes = {
				LastSwiftUpdateCheck = 0930;
				LastUpgradeCheck = 0930;
				ORGANIZATIONNAME = "James Zaghini";
				TargetAttributes = {
					1ABB83C720B141280004C50E = {
						CreatedOnToolsVersion = 9.3;
						SystemCapabilities = {
							com.apple.Sandbox = {
								enabled = 1;
							};
						};
					};
					1ABB83D920B1412A0004C50E = {
						CreatedOnToolsVersion = 9.3;
						TestTargetID = 1ABB83C720B141280004C50E;
					};
				};
			};
			buildConfigurationList = 1ABB83C320B141280004C50E /* Build configuration list for PBXProject "floaty" */;
			compatibilityVersion = "Xcode 9.3";
			developmentRegion = en;
			hasScannedForEncodings = 0;
			knownRegions = (
				en,
				Base,
			);
			mainGroup = 1ABB83BF20B141280004C50E;
			productRefGroup = 1ABB83C920B141280004C50E /* Products */;
			projectDirPath = "";
			projectRoot = "";
			targets = (
				1ABB83C720B141280004C50E /* Floaty */,
				1ABB83D920B1412A0004C50E /* FloatyTests */,
			);
		};
/* End PBXProject section */

/* Begin PBXResourcesBuildPhase section */
		1ABB83C620B141280004C50E /* Resources */ = {
			isa = PBXResourcesBuildPhase;
			buildActionMask = 2147483647;
			files = (
				1A4BE7E320C3980D000B3769 /* JavascriptConfirmWindowController.xib in Resources */,
				1A49F6AC20C54E7F00D5A98B /* JavascriptAlertWindowController.xib in Resources */,
				1ABB83D020B1412A0004C50E /* Assets.xcassets in Resources */,
				1A31400F21E32989008026BC /* public_suffix_list.dat in Resources */,
				1A1BA46C21E551E700203A53 /* error.html in Resources */,
				1A31400B21E32462008026BC /* Info.plist in Resources */,
				1ABB83D320B1412A0004C50E /* Main.storyboard in Resources */,
			);
			runOnlyForDeploymentPostprocessing = 0;
		};
		1ABB83D820B1412A0004C50E /* Resources */ = {
			isa = PBXResourcesBuildPhase;
			buildActionMask = 2147483647;
			files = (
			);
			runOnlyForDeploymentPostprocessing = 0;
		};
/* End PBXResourcesBuildPhase section */

/* Begin PBXShellScriptBuildPhase section */
		1A9DAC2720B2DDA800DCE63F /* Swiftlint */ = {
			isa = PBXShellScriptBuildPhase;
			buildActionMask = 2147483647;
			files = (
			);
			inputPaths = (
			);
			name = Swiftlint;
			outputPaths = (
			);
			runOnlyForDeploymentPostprocessing = 0;
			shellPath = /bin/sh;
			shellScript = "if which swiftlint >/dev/null; then\nswiftlint\nelse\necho \"warning: SwiftLint not installed, download from https://github.com/realm/SwiftLint\"\nfi";
		};
/* End PBXShellScriptBuildPhase section */

/* Begin PBXSourcesBuildPhase section */
		1ABB83C420B141280004C50E /* Sources */ = {
			isa = PBXSourcesBuildPhase;
			buildActionMask = 2147483647;
			files = (
				1ABB83EA20B153F70004C50E /* Toolbar.swift in Sources */,
				1A1BA49D21E5B78700203A53 /* ErrorHandler.swift in Sources */,
				1A49F6AA20C545BD00D5A98B /* JavascriptPanelWindowController.swift in Sources */,
				1A2088FF21E16B6E0034ED83 /* String+Conveniences.swift in Sources */,
				1A1BA49F21E5B7BA00203A53 /* WKWebView+ErrorHTML.swift in Sources */,
				1A31400D21E32462008026BC /* Rule.swift in Sources */,
				1AB967F021E7483400658083 /* Log.swift in Sources */,
				1A8BECC821CCC7DC001FE824 /* YoutubePlugin.swift in Sources */,
				1A8BECCB21CCC820001FE824 /* Plugin.swift in Sources */,
				1A31400C21E32462008026BC /* RuleLabel.swift in Sources */,
				1A9DAC3920B4CD5F00DCE63F /* URLTextField.swift in Sources */,
				1A31400A21E32462008026BC /* ParsedHost.swift in Sources */,
				1A66C60E21DA321200675AFE /* NSWindow+Conveniences.swift in Sources */,
				1AC958A821C7697F00B85B15 /* SearchProvider.swift in Sources */,
				1A2088FB21E08DE00034ED83 /* AddressBarInputHandler.swift in Sources */,
				1A02ED7021C9CFB30093114C /* ColorPalette.swift in Sources */,
				1A8F05EA21E6C86C003E78DD /* Lock.swift in Sources */,
				1A8F05EC21E6C86C003E78DD /* Disposable.swift in Sources */,
				1A31400921E32462008026BC /* Constant.swift in Sources */,
				1ABB83CE20B141280004C50E /* WebViewController.swift in Sources */,
				1A6B726E20CDFE3F00AE2008 /* Services.swift in Sources */,
				1ABB83CC20B141280004C50E /* AppDelegate.swift in Sources */,
				1A6B726C20CD5EA000AE2008 /* WebWindowController.swift in Sources */,
				1A8BECD221CD20BB001FE824 /* VimeoPlugin.swift in Sources */,
				1AA751E120CB806300490962 /* SettingsWindowController.swift in Sources */,
				1A6B727420CE000700AE2008 /* Settings.swift in Sources */,
				1A20890121E16D950034ED83 /* BrowserAction.swift in Sources */,
				1A9DAC0320B1975000DCE63F /* URL+Massage.swift in Sources */,
				1A8F05EB21E6C86C003E78DD /* Observable.swift in Sources */,
				1A006B0C20F9A82100E0D87F /* Window.swift in Sources */,
				1A31400821E32462008026BC /* DomainParser.swift in Sources */,
				1A8BECD621CD8EDA001FE824 /* TwitchPlugin.swift in Sources */,
			);
			runOnlyForDeploymentPostprocessing = 0;
		};
		1ABB83D620B1412A0004C50E /* Sources */ = {
			isa = PBXSourcesBuildPhase;
			buildActionMask = 2147483647;
			files = (
				1A8BECC421CC58BB001FE824 /* URLTests.swift in Sources */,
				1A8F059A21E624BF003E78DD /* StringTests.swift in Sources */,
				1AC9589721C604DD00B85B15 /* SettingsTests.swift in Sources */,
				1A8BECC621CCC7C1001FE824 /* YoutubePluginTests.swift in Sources */,
				1A8F059821E622AD003E78DD /* ErrorHandlerTests.swift in Sources */,
				1A8BECD821CD93B5001FE824 /* TwitchPluginTests.swift in Sources */,
				1A2088FD21E0913B0034ED83 /* AddressBarInputHandlerTests.swift in Sources */,
				1A8BECBA21CA3ED9001FE824 /* JavascriptConfirmWindowControllerTests.swift in Sources */,
				1A02ED7721C9F6D40093114C /* WindowTests.swift in Sources */,
				1A8BECDE21CEEEFD001FE824 /* WebViewControllerTests.swift in Sources */,
				1A8BECB821CA26F3001FE824 /* JavascriptAlertWindowControllerTests.swift in Sources */,
				1A8BECC021CAF839001FE824 /* URLTextFieldTests.swift in Sources */,
				1A8BECDC21CE7338001FE824 /* SearchProviderTests.swift in Sources */,
				1A8BECD421CD2364001FE824 /* VimeoPluginTests.swift in Sources */,
				1AA4DA5621D84576001E27A4 /* AppDelegateTests.swift in Sources */,
			);
			runOnlyForDeploymentPostprocessing = 0;
		};
/* End PBXSourcesBuildPhase section */

/* Begin PBXTargetDependency section */
		1ABB83DC20B1412A0004C50E /* PBXTargetDependency */ = {
			isa = PBXTargetDependency;
			target = 1ABB83C720B141280004C50E /* Floaty */;
			targetProxy = 1ABB83DB20B1412A0004C50E /* PBXContainerItemProxy */;
		};
/* End PBXTargetDependency section */

/* Begin PBXVariantGroup section */
		1ABB83D120B1412A0004C50E /* Main.storyboard */ = {
			isa = PBXVariantGroup;
			children = (
				1ABB83D220B1412A0004C50E /* Base */,
			);
			name = Main.storyboard;
			sourceTree = "<group>";
		};
/* End PBXVariantGroup section */

/* Begin XCBuildConfiguration section */
		1ABB83E120B1412A0004C50E /* Debug */ = {
			isa = XCBuildConfiguration;
			buildSettings = {
				ALWAYS_SEARCH_USER_PATHS = NO;
				CLANG_ANALYZER_NONNULL = YES;
				CLANG_ANALYZER_NUMBER_OBJECT_CONVERSION = YES_AGGRESSIVE;
				CLANG_CXX_LANGUAGE_STANDARD = "gnu++14";
				CLANG_CXX_LIBRARY = "libc++";
				CLANG_ENABLE_MODULES = YES;
				CLANG_ENABLE_OBJC_ARC = YES;
				CLANG_ENABLE_OBJC_WEAK = YES;
				CLANG_WARN_BLOCK_CAPTURE_AUTORELEASING = YES;
				CLANG_WARN_BOOL_CONVERSION = YES;
				CLANG_WARN_COMMA = YES;
				CLANG_WARN_CONSTANT_CONVERSION = YES;
				CLANG_WARN_DEPRECATED_OBJC_IMPLEMENTATIONS = YES;
				CLANG_WARN_DIRECT_OBJC_ISA_USAGE = YES_ERROR;
				CLANG_WARN_DOCUMENTATION_COMMENTS = YES;
				CLANG_WARN_EMPTY_BODY = YES;
				CLANG_WARN_ENUM_CONVERSION = YES;
				CLANG_WARN_INFINITE_RECURSION = YES;
				CLANG_WARN_INT_CONVERSION = YES;
				CLANG_WARN_NON_LITERAL_NULL_CONVERSION = YES;
				CLANG_WARN_OBJC_IMPLICIT_RETAIN_SELF = YES;
				CLANG_WARN_OBJC_LITERAL_CONVERSION = YES;
				CLANG_WARN_OBJC_ROOT_CLASS = YES_ERROR;
				CLANG_WARN_RANGE_LOOP_ANALYSIS = YES;
				CLANG_WARN_STRICT_PROTOTYPES = YES;
				CLANG_WARN_SUSPICIOUS_MOVE = YES;
				CLANG_WARN_UNGUARDED_AVAILABILITY = YES_AGGRESSIVE;
				CLANG_WARN_UNREACHABLE_CODE = YES;
				CLANG_WARN__DUPLICATE_METHOD_MATCH = YES;
				CODE_SIGN_IDENTITY = "Mac Developer";
				COPY_PHASE_STRIP = NO;
				DEBUG_INFORMATION_FORMAT = dwarf;
				ENABLE_STRICT_OBJC_MSGSEND = YES;
				ENABLE_TESTABILITY = YES;
				GCC_C_LANGUAGE_STANDARD = gnu11;
				GCC_DYNAMIC_NO_PIC = NO;
				GCC_NO_COMMON_BLOCKS = YES;
				GCC_OPTIMIZATION_LEVEL = 0;
				GCC_PREPROCESSOR_DEFINITIONS = (
					"DEBUG=1",
					"$(inherited)",
				);
				GCC_WARN_64_TO_32_BIT_CONVERSION = YES;
				GCC_WARN_ABOUT_RETURN_TYPE = YES_ERROR;
				GCC_WARN_UNDECLARED_SELECTOR = YES;
				GCC_WARN_UNINITIALIZED_AUTOS = YES_AGGRESSIVE;
				GCC_WARN_UNUSED_FUNCTION = YES;
				GCC_WARN_UNUSED_VARIABLE = YES;
				MACOSX_DEPLOYMENT_TARGET = 10.13;
				MTL_ENABLE_DEBUG_INFO = YES;
				ONLY_ACTIVE_ARCH = YES;
				SDKROOT = macosx;
				SWIFT_ACTIVE_COMPILATION_CONDITIONS = DEBUG;
				SWIFT_OPTIMIZATION_LEVEL = "-Onone";
			};
			name = Debug;
		};
		1ABB83E220B1412A0004C50E /* Release */ = {
			isa = XCBuildConfiguration;
			buildSettings = {
				ALWAYS_SEARCH_USER_PATHS = NO;
				CLANG_ANALYZER_NONNULL = YES;
				CLANG_ANALYZER_NUMBER_OBJECT_CONVERSION = YES_AGGRESSIVE;
				CLANG_CXX_LANGUAGE_STANDARD = "gnu++14";
				CLANG_CXX_LIBRARY = "libc++";
				CLANG_ENABLE_MODULES = YES;
				CLANG_ENABLE_OBJC_ARC = YES;
				CLANG_ENABLE_OBJC_WEAK = YES;
				CLANG_WARN_BLOCK_CAPTURE_AUTORELEASING = YES;
				CLANG_WARN_BOOL_CONVERSION = YES;
				CLANG_WARN_COMMA = YES;
				CLANG_WARN_CONSTANT_CONVERSION = YES;
				CLANG_WARN_DEPRECATED_OBJC_IMPLEMENTATIONS = YES;
				CLANG_WARN_DIRECT_OBJC_ISA_USAGE = YES_ERROR;
				CLANG_WARN_DOCUMENTATION_COMMENTS = YES;
				CLANG_WARN_EMPTY_BODY = YES;
				CLANG_WARN_ENUM_CONVERSION = YES;
				CLANG_WARN_INFINITE_RECURSION = YES;
				CLANG_WARN_INT_CONVERSION = YES;
				CLANG_WARN_NON_LITERAL_NULL_CONVERSION = YES;
				CLANG_WARN_OBJC_IMPLICIT_RETAIN_SELF = YES;
				CLANG_WARN_OBJC_LITERAL_CONVERSION = YES;
				CLANG_WARN_OBJC_ROOT_CLASS = YES_ERROR;
				CLANG_WARN_RANGE_LOOP_ANALYSIS = YES;
				CLANG_WARN_STRICT_PROTOTYPES = YES;
				CLANG_WARN_SUSPICIOUS_MOVE = YES;
				CLANG_WARN_UNGUARDED_AVAILABILITY = YES_AGGRESSIVE;
				CLANG_WARN_UNREACHABLE_CODE = YES;
				CLANG_WARN__DUPLICATE_METHOD_MATCH = YES;
				CODE_SIGN_IDENTITY = "Mac Developer";
				COPY_PHASE_STRIP = NO;
				DEBUG_INFORMATION_FORMAT = "dwarf-with-dsym";
				ENABLE_NS_ASSERTIONS = NO;
				ENABLE_STRICT_OBJC_MSGSEND = YES;
				GCC_C_LANGUAGE_STANDARD = gnu11;
				GCC_NO_COMMON_BLOCKS = YES;
				GCC_WARN_64_TO_32_BIT_CONVERSION = YES;
				GCC_WARN_ABOUT_RETURN_TYPE = YES_ERROR;
				GCC_WARN_UNDECLARED_SELECTOR = YES;
				GCC_WARN_UNINITIALIZED_AUTOS = YES_AGGRESSIVE;
				GCC_WARN_UNUSED_FUNCTION = YES;
				GCC_WARN_UNUSED_VARIABLE = YES;
				MACOSX_DEPLOYMENT_TARGET = 10.13;
				MTL_ENABLE_DEBUG_INFO = NO;
				SDKROOT = macosx;
				SWIFT_COMPILATION_MODE = wholemodule;
				SWIFT_OPTIMIZATION_LEVEL = "-O";
			};
			name = Release;
		};
		1ABB83E420B1412A0004C50E /* Debug */ = {
			isa = XCBuildConfiguration;
			buildSettings = {
				ASSETCATALOG_COMPILER_APPICON_NAME = AppIcon;
				CODE_SIGN_ENTITLEMENTS = Floaty/Floaty.entitlements;
				CODE_SIGN_STYLE = Automatic;
				COMBINE_HIDPI_IMAGES = YES;
				DEVELOPMENT_TEAM = 79K99DQD5E;
				INFOPLIST_FILE = Floaty/Info.plist;
				LD_RUNPATH_SEARCH_PATHS = (
					"$(inherited)",
					"@executable_path/../Frameworks",
				);
				PRODUCT_BUNDLE_IDENTIFIER = com.zaghini.Floaty;
				PRODUCT_NAME = "$(TARGET_NAME)";
				SWIFT_VERSION = 4.0;
			};
			name = Debug;
		};
		1ABB83E520B1412A0004C50E /* Release */ = {
			isa = XCBuildConfiguration;
			buildSettings = {
				ASSETCATALOG_COMPILER_APPICON_NAME = AppIcon;
				CODE_SIGN_ENTITLEMENTS = Floaty/Floaty.entitlements;
				CODE_SIGN_STYLE = Automatic;
				COMBINE_HIDPI_IMAGES = YES;
				DEVELOPMENT_TEAM = 79K99DQD5E;
				INFOPLIST_FILE = Floaty/Info.plist;
				LD_RUNPATH_SEARCH_PATHS = (
					"$(inherited)",
					"@executable_path/../Frameworks",
				);
				PRODUCT_BUNDLE_IDENTIFIER = com.zaghini.Floaty;
				PRODUCT_NAME = "$(TARGET_NAME)";
				SWIFT_VERSION = 4.0;
			};
			name = Release;
		};
		1ABB83E720B1412A0004C50E /* Debug */ = {
			isa = XCBuildConfiguration;
			buildSettings = {
				ALWAYS_EMBED_SWIFT_STANDARD_LIBRARIES = YES;
				BUNDLE_LOADER = "$(TEST_HOST)";
				CODE_SIGN_IDENTITY = "Mac Developer";
				CODE_SIGN_STYLE = Automatic;
				COMBINE_HIDPI_IMAGES = YES;
				DEVELOPMENT_TEAM = 79K99DQD5E;
				INFOPLIST_FILE = FloatyTests/Info.plist;
				LD_RUNPATH_SEARCH_PATHS = (
					"$(inherited)",
					"@executable_path/../Frameworks",
					"@loader_path/../Frameworks",
				);
				PRODUCT_BUNDLE_IDENTIFIER = com.zaghini.FloatyTests;
				PRODUCT_NAME = "$(TARGET_NAME)";
				PROVISIONING_PROFILE_SPECIFIER = "";
				SWIFT_VERSION = 4.0;
				TEST_HOST = "$(BUILT_PRODUCTS_DIR)/Floaty.app/Contents/MacOS/Floaty";
			};
			name = Debug;
		};
		1ABB83E820B1412A0004C50E /* Release */ = {
			isa = XCBuildConfiguration;
			buildSettings = {
				ALWAYS_EMBED_SWIFT_STANDARD_LIBRARIES = YES;
				BUNDLE_LOADER = "$(TEST_HOST)";
				CODE_SIGN_IDENTITY = "Mac Developer";
				CODE_SIGN_STYLE = Automatic;
				COMBINE_HIDPI_IMAGES = YES;
				DEVELOPMENT_TEAM = 79K99DQD5E;
				INFOPLIST_FILE = FloatyTests/Info.plist;
				LD_RUNPATH_SEARCH_PATHS = (
					"$(inherited)",
					"@executable_path/../Frameworks",
					"@loader_path/../Frameworks",
				);
				PRODUCT_BUNDLE_IDENTIFIER = com.zaghini.FloatyTests;
				PRODUCT_NAME = "$(TARGET_NAME)";
				PROVISIONING_PROFILE_SPECIFIER = "";
				SWIFT_VERSION = 4.0;
				TEST_HOST = "$(BUILT_PRODUCTS_DIR)/Floaty.app/Contents/MacOS/Floaty";
			};
			name = Release;
		};
/* End XCBuildConfiguration section */

/* Begin XCConfigurationList section */
		1ABB83C320B141280004C50E /* Build configuration list for PBXProject "floaty" */ = {
			isa = XCConfigurationList;
			buildConfigurations = (
				1ABB83E120B1412A0004C50E /* Debug */,
				1ABB83E220B1412A0004C50E /* Release */,
			);
			defaultConfigurationIsVisible = 0;
			defaultConfigurationName = Release;
		};
		1ABB83E320B1412A0004C50E /* Build configuration list for PBXNativeTarget "Floaty" */ = {
			isa = XCConfigurationList;
			buildConfigurations = (
				1ABB83E420B1412A0004C50E /* Debug */,
				1ABB83E520B1412A0004C50E /* Release */,
			);
			defaultConfigurationIsVisible = 0;
			defaultConfigurationName = Release;
		};
		1ABB83E620B1412A0004C50E /* Build configuration list for PBXNativeTarget "FloatyTests" */ = {
			isa = XCConfigurationList;
			buildConfigurations = (
				1ABB83E720B1412A0004C50E /* Debug */,
				1ABB83E820B1412A0004C50E /* Release */,
			);
			defaultConfigurationIsVisible = 0;
			defaultConfigurationName = Release;
		};
/* End XCConfigurationList section */
	};
	rootObject = 1ABB83C020B141280004C50E /* Project object */;
}
