// !$*UTF8*$!
{
	archiveVersion = 1;
	classes = {
	};
	objectVersion = 50;
	objects = {

/* Begin PBXBuildFile section */
		1A9DAC0320B1975000DCE63F /* URL+Massage.swift in Sources */ = {isa = PBXBuildFile; fileRef = 1A9DAC0220B1975000DCE63F /* URL+Massage.swift */; };
		1ABB83CC20B141280004C50E /* AppDelegate.swift in Sources */ = {isa = PBXBuildFile; fileRef = 1ABB83CB20B141280004C50E /* AppDelegate.swift */; };
		1ABB83CE20B141280004C50E /* WebViewController.swift in Sources */ = {isa = PBXBuildFile; fileRef = 1ABB83CD20B141280004C50E /* WebViewController.swift */; };
		1ABB83D020B1412A0004C50E /* Assets.xcassets in Resources */ = {isa = PBXBuildFile; fileRef = 1ABB83CF20B1412A0004C50E /* Assets.xcassets */; };
		1ABB83D320B1412A0004C50E /* Main.storyboard in Resources */ = {isa = PBXBuildFile; fileRef = 1ABB83D120B1412A0004C50E /* Main.storyboard */; };
		1ABB83DF20B1412A0004C50E /* FloatyTests.swift in Sources */ = {isa = PBXBuildFile; fileRef = 1ABB83DE20B1412A0004C50E /* FloatyTests.swift */; };
		1ABB83EA20B153F70004C50E /* Toolbar.swift in Sources */ = {isa = PBXBuildFile; fileRef = 1ABB83E920B153F70004C50E /* Toolbar.swift */; };
		A316E2B1FC2F78FAE3E3F867 /* libPods-Floaty.a in Frameworks */ = {isa = PBXBuildFile; fileRef = 7DE51FC5E3272560686C0310 /* libPods-Floaty.a */; };
/* End PBXBuildFile section */

/* Begin PBXContainerItemProxy section */
		1ABB83DB20B1412A0004C50E /* PBXContainerItemProxy */ = {
			isa = PBXContainerItemProxy;
			containerPortal = 1ABB83C020B141280004C50E /* Project object */;
			proxyType = 1;
			remoteGlobalIDString = 1ABB83C720B141280004C50E;
			remoteInfo = Floaty;
		};
/* End PBXContainerItemProxy section */

/* Begin PBXFileReference section */
		129BE6615AED9D5ADA32B6A2 /* Pods-Floaty.debug.xcconfig */ = {isa = PBXFileReference; includeInIndex = 1; lastKnownFileType = text.xcconfig; name = "Pods-Floaty.debug.xcconfig"; path = "Pods/Target Support Files/Pods-Floaty/Pods-Floaty.debug.xcconfig"; sourceTree = "<group>"; };
		1A9DAC0220B1975000DCE63F /* URL+Massage.swift */ = {isa = PBXFileReference; lastKnownFileType = sourcecode.swift; path = "URL+Massage.swift"; sourceTree = "<group>"; };
		1ABB83C820B141280004C50E /* Floaty.app */ = {isa = PBXFileReference; explicitFileType = wrapper.application; includeInIndex = 0; path = Floaty.app; sourceTree = BUILT_PRODUCTS_DIR; };
		1ABB83CB20B141280004C50E /* AppDelegate.swift */ = {isa = PBXFileReference; lastKnownFileType = sourcecode.swift; path = AppDelegate.swift; sourceTree = "<group>"; };
		1ABB83CD20B141280004C50E /* WebViewController.swift */ = {isa = PBXFileReference; lastKnownFileType = sourcecode.swift; path = WebViewController.swift; sourceTree = "<group>"; };
		1ABB83CF20B1412A0004C50E /* Assets.xcassets */ = {isa = PBXFileReference; lastKnownFileType = folder.assetcatalog; path = Assets.xcassets; sourceTree = "<group>"; };
		1ABB83D220B1412A0004C50E /* Base */ = {isa = PBXFileReference; lastKnownFileType = file.storyboard; name = Base; path = Base.lproj/Main.storyboard; sourceTree = "<group>"; };
		1ABB83DA20B1412A0004C50E /* FloatyTests.xctest */ = {isa = PBXFileReference; explicitFileType = wrapper.cfbundle; includeInIndex = 0; path = FloatyTests.xctest; sourceTree = BUILT_PRODUCTS_DIR; };
		1ABB83DE20B1412A0004C50E /* FloatyTests.swift */ = {isa = PBXFileReference; lastKnownFileType = sourcecode.swift; path = FloatyTests.swift; sourceTree = "<group>"; };
		1ABB83E020B1412A0004C50E /* Info.plist */ = {isa = PBXFileReference; lastKnownFileType = text.plist.xml; path = Info.plist; sourceTree = "<group>"; };
		1ABB83E920B153F70004C50E /* Toolbar.swift */ = {isa = PBXFileReference; lastKnownFileType = sourcecode.swift; path = Toolbar.swift; sourceTree = "<group>"; };
		7DE51FC5E3272560686C0310 /* libPods-Floaty.a */ = {isa = PBXFileReference; explicitFileType = archive.ar; includeInIndex = 0; path = "libPods-Floaty.a"; sourceTree = BUILT_PRODUCTS_DIR; };
		963BC313C31C74796F5653D3 /* Pods-Floaty.release.xcconfig */ = {isa = PBXFileReference; includeInIndex = 1; lastKnownFileType = text.xcconfig; name = "Pods-Floaty.release.xcconfig"; path = "Pods/Target Support Files/Pods-Floaty/Pods-Floaty.release.xcconfig"; sourceTree = "<group>"; };
/* End PBXFileReference section */

/* Begin PBXFrameworksBuildPhase section */
		1ABB83C520B141280004C50E /* Frameworks */ = {
			isa = PBXFrameworksBuildPhase;
			buildActionMask = 2147483647;
			files = (
				A316E2B1FC2F78FAE3E3F867 /* libPods-Floaty.a in Frameworks */,
			);
			runOnlyForDeploymentPostprocessing = 0;
		};
		1ABB83D720B1412A0004C50E /* Frameworks */ = {
			isa = PBXFrameworksBuildPhase;
			buildActionMask = 2147483647;
			files = (
			);
			runOnlyForDeploymentPostprocessing = 0;
		};
/* End PBXFrameworksBuildPhase section */

/* Begin PBXGroup section */
		1A9DAC0520B1983700DCE63F /* Extensions */ = {
			isa = PBXGroup;
			children = (
				1A9DAC0220B1975000DCE63F /* URL+Massage.swift */,
			);
			path = Extensions;
			sourceTree = "<group>";
		};
		1ABB83BF20B141280004C50E = {
			isa = PBXGroup;
			children = (
				1ABB83CA20B141280004C50E /* Floaty */,
				1ABB83DD20B1412A0004C50E /* FloatyTests */,
				1ABB83C920B141280004C50E /* Products */,
				30C04C84412F27EBD95E4AA1 /* Pods */,
				B09B3B7032AD227BCC9F237A /* Frameworks */,
			);
			sourceTree = "<group>";
		};
		1ABB83C920B141280004C50E /* Products */ = {
			isa = PBXGroup;
			children = (
				1ABB83C820B141280004C50E /* Floaty.app */,
				1ABB83DA20B1412A0004C50E /* FloatyTests.xctest */,
			);
			name = Products;
			sourceTree = "<group>";
		};
		1ABB83CA20B141280004C50E /* Floaty */ = {
			isa = PBXGroup;
			children = (
				1ABB83CB20B141280004C50E /* AppDelegate.swift */,
				1ABB83CF20B1412A0004C50E /* Assets.xcassets */,
				1ABB83EC20B1660D0004C50E /* Controllers */,
				1A9DAC0520B1983700DCE63F /* Extensions */,
				1ABB83EB20B165EC0004C50E /* Views */,
			);
			path = Floaty;
			sourceTree = "<group>";
		};
		1ABB83DD20B1412A0004C50E /* FloatyTests */ = {
			isa = PBXGroup;
			children = (
				1ABB83DE20B1412A0004C50E /* FloatyTests.swift */,
				1ABB83E020B1412A0004C50E /* Info.plist */,
			);
			path = FloatyTests;
			sourceTree = "<group>";
		};
		1ABB83EB20B165EC0004C50E /* Views */ = {
			isa = PBXGroup;
			children = (
				1ABB83D120B1412A0004C50E /* Main.storyboard */,
				1ABB83E920B153F70004C50E /* Toolbar.swift */,
			);
			path = Views;
			sourceTree = "<group>";
		};
		1ABB83EC20B1660D0004C50E /* Controllers */ = {
			isa = PBXGroup;
			children = (
				1ABB83CD20B141280004C50E /* WebViewController.swift */,
			);
			path = Controllers;
			sourceTree = "<group>";
		};
		30C04C84412F27EBD95E4AA1 /* Pods */ = {
			isa = PBXGroup;
			children = (
				129BE6615AED9D5ADA32B6A2 /* Pods-Floaty.debug.xcconfig */,
				963BC313C31C74796F5653D3 /* Pods-Floaty.release.xcconfig */,
			);
			name = Pods;
			sourceTree = "<group>";
		};
		B09B3B7032AD227BCC9F237A /* Frameworks */ = {
			isa = PBXGroup;
			children = (
				7DE51FC5E3272560686C0310 /* libPods-Floaty.a */,
			);
			name = Frameworks;
			sourceTree = "<group>";
		};
/* End PBXGroup section */

/* Begin PBXNativeTarget section */
		1ABB83C720B141280004C50E /* Floaty */ = {
			isa = PBXNativeTarget;
			buildConfigurationList = 1ABB83E320B1412A0004C50E /* Build configuration list for PBXNativeTarget "Floaty" */;
			buildPhases = (
				79A5CBCE134EC436A68378E5 /* [CP] Check Pods Manifest.lock */,
				1ABB83C420B141280004C50E /* Sources */,
				1ABB83C520B141280004C50E /* Frameworks */,
				1ABB83C620B141280004C50E /* Resources */,
				1A9DAC2720B2DDA800DCE63F /* Swiftlint */,
			);
			buildRules = (
			);
			dependencies = (
			);
			name = Floaty;
			productName = Floaty;
			productReference = 1ABB83C820B141280004C50E /* Floaty.app */;
			productType = "com.apple.product-type.application";
		};
		1ABB83D920B1412A0004C50E /* FloatyTests */ = {
			isa = PBXNativeTarget;
			buildConfigurationList = 1ABB83E620B1412A0004C50E /* Build configuration list for PBXNativeTarget "FloatyTests" */;
			buildPhases = (
				1ABB83D620B1412A0004C50E /* Sources */,
				1ABB83D720B1412A0004C50E /* Frameworks */,
				1ABB83D820B1412A0004C50E /* Resources */,
			);
			buildRules = (
			);
			dependencies = (
				1ABB83DC20B1412A0004C50E /* PBXTargetDependency */,
			);
			name = FloatyTests;
			productName = FloatyTests;
			productReference = 1ABB83DA20B1412A0004C50E /* FloatyTests.xctest */;
			productType = "com.apple.product-type.bundle.unit-test";
		};
/* End PBXNativeTarget section */

/* Begin PBXProject section */
		1ABB83C020B141280004C50E /* Project object */ = {
			isa = PBXProject;
			attributes = {
				LastSwiftUpdateCheck = 0930;
				LastUpgradeCheck = 0930;
				ORGANIZATIONNAME = "James Zaghini";
				TargetAttributes = {
					1ABB83C720B141280004C50E = {
						CreatedOnToolsVersion = 9.3;
						SystemCapabilities = {
							com.apple.Sandbox = {
								enabled = 1;
							};
						};
					};
					1ABB83D920B1412A0004C50E = {
						CreatedOnToolsVersion = 9.3;
						TestTargetID = 1ABB83C720B141280004C50E;
					};
				};
			};
			buildConfigurationList = 1ABB83C320B141280004C50E /* Build configuration list for PBXProject "Floaty" */;
			compatibilityVersion = "Xcode 9.3";
			developmentRegion = en;
			hasScannedForEncodings = 0;
			knownRegions = (
				en,
				Base,
			);
			mainGroup = 1ABB83BF20B141280004C50E;
			productRefGroup = 1ABB83C920B141280004C50E /* Products */;
			projectDirPath = "";
			projectRoot = "";
			targets = (
				1ABB83C720B141280004C50E /* Floaty */,
				1ABB83D920B1412A0004C50E /* FloatyTests */,
			);
		};
/* End PBXProject section */

/* Begin PBXResourcesBuildPhase section */
		1ABB83C620B141280004C50E /* Resources */ = {
			isa = PBXResourcesBuildPhase;
			buildActionMask = 2147483647;
			files = (
				1ABB83D020B1412A0004C50E /* Assets.xcassets in Resources */,
				1ABB83D320B1412A0004C50E /* Main.storyboard in Resources */,
			);
			runOnlyForDeploymentPostprocessing = 0;
		};
		1ABB83D820B1412A0004C50E /* Resources */ = {
			isa = PBXResourcesBuildPhase;
			buildActionMask = 2147483647;
			files = (
			);
			runOnlyForDeploymentPostprocessing = 0;
		};
/* End PBXResourcesBuildPhase section */

/* Begin PBXShellScriptBuildPhase section */
		1A9DAC2720B2DDA800DCE63F /* Swiftlint */ = {
			isa = PBXShellScriptBuildPhase;
			buildActionMask = 2147483647;
			files = (
			);
			inputPaths = (
			);
			name = Swiftlint;
			outputPaths = (
			);
			runOnlyForDeploymentPostprocessing = 0;
			shellPath = /bin/sh;
			shellScript = "if which swiftlint >/dev/null; then\nswiftlint\nelse\necho \"warning: SwiftLint not installed, download from https://github.com/realm/SwiftLint\"\nfi";
		};
		79A5CBCE134EC436A68378E5 /* [CP] Check Pods Manifest.lock */ = {
			isa = PBXShellScriptBuildPhase;
			buildActionMask = 2147483647;
			files = (
			);
			inputPaths = (
				"${PODS_PODFILE_DIR_PATH}/Podfile.lock",
				"${PODS_ROOT}/Manifest.lock",
			);
			name = "[CP] Check Pods Manifest.lock";
			outputPaths = (
				"$(DERIVED_FILE_DIR)/Pods-Floaty-checkManifestLockResult.txt",
			);
			runOnlyForDeploymentPostprocessing = 0;
			shellPath = /bin/sh;
			shellScript = "diff \"${PODS_PODFILE_DIR_PATH}/Podfile.lock\" \"${PODS_ROOT}/Manifest.lock\" > /dev/null\nif [ $? != 0 ] ; then\n    # print error to STDERR\n    echo \"error: The sandbox is not in sync with the Podfile.lock. Run 'pod install' or update your CocoaPods installation.\" >&2\n    exit 1\nfi\n# This output is used by Xcode 'outputs' to avoid re-running this script phase.\necho \"SUCCESS\" > \"${SCRIPT_OUTPUT_FILE_0}\"\n";
			showEnvVarsInLog = 0;
		};
/* End PBXShellScriptBuildPhase section */

/* Begin PBXSourcesBuildPhase section */
		1ABB83C420B141280004C50E /* Sources */ = {
			isa = PBXSourcesBuildPhase;
			buildActionMask = 2147483647;
			files = (
				1ABB83EA20B153F70004C50E /* Toolbar.swift in Sources */,
				1ABB83CE20B141280004C50E /* WebViewController.swift in Sources */,
				1ABB83CC20B141280004C50E /* AppDelegate.swift in Sources */,
				1A9DAC0320B1975000DCE63F /* URL+Massage.swift in Sources */,
			);
			runOnlyForDeploymentPostprocessing = 0;
		};
		1ABB83D620B1412A0004C50E /* Sources */ = {
			isa = PBXSourcesBuildPhase;
			buildActionMask = 2147483647;
			files = (
				1ABB83DF20B1412A0004C50E /* FloatyTests.swift in Sources */,
			);
			runOnlyForDeploymentPostprocessing = 0;
		};
/* End PBXSourcesBuildPhase section */

/* Begin PBXTargetDependency section */
		1ABB83DC20B1412A0004C50E /* PBXTargetDependency */ = {
			isa = PBXTargetDependency;
			target = 1ABB83C720B141280004C50E /* Floaty */;
			targetProxy = 1ABB83DB20B1412A0004C50E /* PBXContainerItemProxy */;
		};
/* End PBXTargetDependency section */

/* Begin PBXVariantGroup section */
		1ABB83D120B1412A0004C50E /* Main.storyboard */ = {
			isa = PBXVariantGroup;
			children = (
				1ABB83D220B1412A0004C50E /* Base */,
			);
			name = Main.storyboard;
			sourceTree = "<group>";
		};
/* End PBXVariantGroup section */

/* Begin XCBuildConfiguration section */
		1ABB83E120B1412A0004C50E /* Debug */ = {
			isa = XCBuildConfiguration;
			buildSettings = {
				ALWAYS_SEARCH_USER_PATHS = NO;
				CLANG_ANALYZER_NONNULL = YES;
				CLANG_ANALYZER_NUMBER_OBJECT_CONVERSION = YES_AGGRESSIVE;
				CLANG_CXX_LANGUAGE_STANDARD = "gnu++14";
				CLANG_CXX_LIBRARY = "libc++";
				CLANG_ENABLE_MODULES = YES;
				CLANG_ENABLE_OBJC_ARC = YES;
				CLANG_ENABLE_OBJC_WEAK = YES;
				CLANG_WARN_BLOCK_CAPTURE_AUTORELEASING = YES;
				CLANG_WARN_BOOL_CONVERSION = YES;
				CLANG_WARN_COMMA = YES;
				CLANG_WARN_CONSTANT_CONVERSION = YES;
				CLANG_WARN_DEPRECATED_OBJC_IMPLEMENTATIONS = YES;
				CLANG_WARN_DIRECT_OBJC_ISA_USAGE = YES_ERROR;
				CLANG_WARN_DOCUMENTATION_COMMENTS = YES;
				CLANG_WARN_EMPTY_BODY = YES;
				CLANG_WARN_ENUM_CONVERSION = YES;
				CLANG_WARN_INFINITE_RECURSION = YES;
				CLANG_WARN_INT_CONVERSION = YES;
				CLANG_WARN_NON_LITERAL_NULL_CONVERSION = YES;
				CLANG_WARN_OBJC_IMPLICIT_RETAIN_SELF = YES;
				CLANG_WARN_OBJC_LITERAL_CONVERSION = YES;
				CLANG_WARN_OBJC_ROOT_CLASS = YES_ERROR;
				CLANG_WARN_RANGE_LOOP_ANALYSIS = YES;
				CLANG_WARN_STRICT_PROTOTYPES = YES;
				CLANG_WARN_SUSPICIOUS_MOVE = YES;
				CLANG_WARN_UNGUARDED_AVAILABILITY = YES_AGGRESSIVE;
				CLANG_WARN_UNREACHABLE_CODE = YES;
				CLANG_WARN__DUPLICATE_METHOD_MATCH = YES;
				CODE_SIGN_IDENTITY = "Mac Developer";
				COPY_PHASE_STRIP = NO;
				DEBUG_INFORMATION_FORMAT = dwarf;
				ENABLE_STRICT_OBJC_MSGSEND = YES;
				ENABLE_TESTABILITY = YES;
				GCC_C_LANGUAGE_STANDARD = gnu11;
				GCC_DYNAMIC_NO_PIC = NO;
				GCC_NO_COMMON_BLOCKS = YES;
				GCC_OPTIMIZATION_LEVEL = 0;
				GCC_PREPROCESSOR_DEFINITIONS = (
					"DEBUG=1",
					"$(inherited)",
				);
				GCC_WARN_64_TO_32_BIT_CONVERSION = YES;
				GCC_WARN_ABOUT_RETURN_TYPE = YES_ERROR;
				GCC_WARN_UNDECLARED_SELECTOR = YES;
				GCC_WARN_UNINITIALIZED_AUTOS = YES_AGGRESSIVE;
				GCC_WARN_UNUSED_FUNCTION = YES;
				GCC_WARN_UNUSED_VARIABLE = YES;
				MACOSX_DEPLOYMENT_TARGET = 10.13;
				MTL_ENABLE_DEBUG_INFO = YES;
				ONLY_ACTIVE_ARCH = YES;
				SDKROOT = macosx;
				SWIFT_ACTIVE_COMPILATION_CONDITIONS = DEBUG;
				SWIFT_OPTIMIZATION_LEVEL = "-Onone";
			};
			name = Debug;
		};
		1ABB83E220B1412A0004C50E /* Release */ = {
			isa = XCBuildConfiguration;
			buildSettings = {
				ALWAYS_SEARCH_USER_PATHS = NO;
				CLANG_ANALYZER_NONNULL = YES;
				CLANG_ANALYZER_NUMBER_OBJECT_CONVERSION = YES_AGGRESSIVE;
				CLANG_CXX_LANGUAGE_STANDARD = "gnu++14";
				CLANG_CXX_LIBRARY = "libc++";
				CLANG_ENABLE_MODULES = YES;
				CLANG_ENABLE_OBJC_ARC = YES;
				CLANG_ENABLE_OBJC_WEAK = YES;
				CLANG_WARN_BLOCK_CAPTURE_AUTORELEASING = YES;
				CLANG_WARN_BOOL_CONVERSION = YES;
				CLANG_WARN_COMMA = YES;
				CLANG_WARN_CONSTANT_CONVERSION = YES;
				CLANG_WARN_DEPRECATED_OBJC_IMPLEMENTATIONS = YES;
				CLANG_WARN_DIRECT_OBJC_ISA_USAGE = YES_ERROR;
				CLANG_WARN_DOCUMENTATION_COMMENTS = YES;
				CLANG_WARN_EMPTY_BODY = YES;
				CLANG_WARN_ENUM_CONVERSION = YES;
				CLANG_WARN_INFINITE_RECURSION = YES;
				CLANG_WARN_INT_CONVERSION = YES;
				CLANG_WARN_NON_LITERAL_NULL_CONVERSION = YES;
				CLANG_WARN_OBJC_IMPLICIT_RETAIN_SELF = YES;
				CLANG_WARN_OBJC_LITERAL_CONVERSION = YES;
				CLANG_WARN_OBJC_ROOT_CLASS = YES_ERROR;
				CLANG_WARN_RANGE_LOOP_ANALYSIS = YES;
				CLANG_WARN_STRICT_PROTOTYPES = YES;
				CLANG_WARN_SUSPICIOUS_MOVE = YES;
				CLANG_WARN_UNGUARDED_AVAILABILITY = YES_AGGRESSIVE;
				CLANG_WARN_UNREACHABLE_CODE = YES;
				CLANG_WARN__DUPLICATE_METHOD_MATCH = YES;
				CODE_SIGN_IDENTITY = "Mac Developer";
				COPY_PHASE_STRIP = NO;
				DEBUG_INFORMATION_FORMAT = "dwarf-with-dsym";
				ENABLE_NS_ASSERTIONS = NO;
				ENABLE_STRICT_OBJC_MSGSEND = YES;
				GCC_C_LANGUAGE_STANDARD = gnu11;
				GCC_NO_COMMON_BLOCKS = YES;
				GCC_WARN_64_TO_32_BIT_CONVERSION = YES;
				GCC_WARN_ABOUT_RETURN_TYPE = YES_ERROR;
				GCC_WARN_UNDECLARED_SELECTOR = YES;
				GCC_WARN_UNINITIALIZED_AUTOS = YES_AGGRESSIVE;
				GCC_WARN_UNUSED_FUNCTION = YES;
				GCC_WARN_UNUSED_VARIABLE = YES;
				MACOSX_DEPLOYMENT_TARGET = 10.13;
				MTL_ENABLE_DEBUG_INFO = NO;
				SDKROOT = macosx;
				SWIFT_COMPILATION_MODE = wholemodule;
				SWIFT_OPTIMIZATION_LEVEL = "-O";
			};
			name = Release;
		};
		1ABB83E420B1412A0004C50E /* Debug */ = {
			isa = XCBuildConfiguration;
			baseConfigurationReference = 129BE6615AED9D5ADA32B6A2 /* Pods-Floaty.debug.xcconfig */;
			buildSettings = {
				ASSETCATALOG_COMPILER_APPICON_NAME = AppIcon;
				CODE_SIGN_ENTITLEMENTS = Floaty/Floaty.entitlements;
				CODE_SIGN_STYLE = Automatic;
				COMBINE_HIDPI_IMAGES = YES;
				DEVELOPMENT_TEAM = 79K99DQD5E;
				INFOPLIST_FILE = Floaty/Info.plist;
				LD_RUNPATH_SEARCH_PATHS = (
					"$(inherited)",
					"@executable_path/../Frameworks",
				);
				PRODUCT_BUNDLE_IDENTIFIER = com.zaghini.Floaty;
				PRODUCT_NAME = "$(TARGET_NAME)";
				SWIFT_VERSION = 4.0;
			};
			name = Debug;
		};
		1ABB83E520B1412A0004C50E /* Release */ = {
			isa = XCBuildConfiguration;
			baseConfigurationReference = 963BC313C31C74796F5653D3 /* Pods-Floaty.release.xcconfig */;
			buildSettings = {
				ASSETCATALOG_COMPILER_APPICON_NAME = AppIcon;
				CODE_SIGN_ENTITLEMENTS = Floaty/Floaty.entitlements;
				CODE_SIGN_STYLE = Automatic;
				COMBINE_HIDPI_IMAGES = YES;
				DEVELOPMENT_TEAM = 79K99DQD5E;
				INFOPLIST_FILE = Floaty/Info.plist;
				LD_RUNPATH_SEARCH_PATHS = (
					"$(inherited)",
					"@executable_path/../Frameworks",
				);
				PRODUCT_BUNDLE_IDENTIFIER = com.zaghini.Floaty;
				PRODUCT_NAME = "$(TARGET_NAME)";
				SWIFT_VERSION = 4.0;
			};
			name = Release;
		};
		1ABB83E720B1412A0004C50E /* Debug */ = {
			isa = XCBuildConfiguration;
			buildSettings = {
				ALWAYS_EMBED_SWIFT_STANDARD_LIBRARIES = YES;
				BUNDLE_LOADER = "$(TEST_HOST)";
				CODE_SIGN_STYLE = Automatic;
				COMBINE_HIDPI_IMAGES = YES;
				DEVELOPMENT_TEAM = 79K99DQD5E;
				INFOPLIST_FILE = FloatyTests/Info.plist;
				LD_RUNPATH_SEARCH_PATHS = (
					"$(inherited)",
					"@executable_path/../Frameworks",
					"@loader_path/../Frameworks",
				);
				PRODUCT_BUNDLE_IDENTIFIER = com.zaghini.FloatyTests;
				PRODUCT_NAME = "$(TARGET_NAME)";
				SWIFT_VERSION = 4.0;
				TEST_HOST = "$(BUILT_PRODUCTS_DIR)/Floaty.app/Contents/MacOS/Floaty";
			};
			name = Debug;
		};
		1ABB83E820B1412A0004C50E /* Release */ = {
			isa = XCBuildConfiguration;
			buildSettings = {
				ALWAYS_EMBED_SWIFT_STANDARD_LIBRARIES = YES;
				BUNDLE_LOADER = "$(TEST_HOST)";
				CODE_SIGN_STYLE = Automatic;
				COMBINE_HIDPI_IMAGES = YES;
				DEVELOPMENT_TEAM = 79K99DQD5E;
				INFOPLIST_FILE = FloatyTests/Info.plist;
				LD_RUNPATH_SEARCH_PATHS = (
					"$(inherited)",
					"@executable_path/../Frameworks",
					"@loader_path/../Frameworks",
				);
				PRODUCT_BUNDLE_IDENTIFIER = com.zaghini.FloatyTests;
				PRODUCT_NAME = "$(TARGET_NAME)";
				SWIFT_VERSION = 4.0;
				TEST_HOST = "$(BUILT_PRODUCTS_DIR)/Floaty.app/Contents/MacOS/Floaty";
			};
			name = Release;
		};
/* End XCBuildConfiguration section */

/* Begin XCConfigurationList section */
		1ABB83C320B141280004C50E /* Build configuration list for PBXProject "Floaty" */ = {
			isa = XCConfigurationList;
			buildConfigurations = (
				1ABB83E120B1412A0004C50E /* Debug */,
				1ABB83E220B1412A0004C50E /* Release */,
			);
			defaultConfigurationIsVisible = 0;
			defaultConfigurationName = Release;
		};
		1ABB83E320B1412A0004C50E /* Build configuration list for PBXNativeTarget "Floaty" */ = {
			isa = XCConfigurationList;
			buildConfigurations = (
				1ABB83E420B1412A0004C50E /* Debug */,
				1ABB83E520B1412A0004C50E /* Release */,
			);
			defaultConfigurationIsVisible = 0;
			defaultConfigurationName = Release;
		};
		1ABB83E620B1412A0004C50E /* Build configuration list for PBXNativeTarget "FloatyTests" */ = {
			isa = XCConfigurationList;
			buildConfigurations = (
				1ABB83E720B1412A0004C50E /* Debug */,
				1ABB83E820B1412A0004C50E /* Release */,
			);
			defaultConfigurationIsVisible = 0;
			defaultConfigurationName = Release;
		};
/* End XCConfigurationList section */
	};
	rootObject = 1ABB83C020B141280004C50E /* Project object */;
}
